
Microsoft Visual Studio Solution File, Format Version 12.00
# Visual Studio 15
VisualStudioVersion = 15.0.28307.1082
MinimumVisualStudioVersion = 10.0.40219.1
Project("{9A19103F-16F7-4668-BE54-9A1E7A4F7556}") = "SafaPieShop", "SafaPieShop\SafaPieShop.csproj", "{3F8D9676-89E5-49BB-A57C-7D158D757AE8}"
EndProject
Global
	GlobalSection(SolutionConfigurationPlatforms) = preSolution
		Debug|Any CPU = Debug|Any CPU
		Release|Any CPU = Release|Any CPU
	EndGlobalSection
	GlobalSection(ProjectConfigurationPlatforms) = postSolution
		{3F8D9676-89E5-49BB-A57C-7D158D757AE8}.Debug|Any CPU.ActiveCfg = Debug|Any CPU
		{3F8D9676-89E5-49BB-A57C-7D158D757AE8}.Debug|Any CPU.Build.0 = Debug|Any CPU
		{3F8D9676-89E5-49BB-A57C-7D158D757AE8}.Release|Any CPU.ActiveCfg = Release|Any CPU
		{3F8D9676-89E5-49BB-A57C-7D158D757AE8}.Release|Any CPU.Build.0 = Release|Any CPU
	EndGlobalSection
	GlobalSection(SolutionProperties) = preSolution
		HideSolutionNode = FALSE
	EndGlobalSection
	GlobalSection(ExtensibilityGlobals) = postSolution
		SolutionGuid = {3106393F-82CC-4554-8084-88ADD7399148}
	EndGlobalSection
EndGlobal
